
Microsoft Visual Studio Solution File, Format Version 12.00
# Visual Studio Version 17
VisualStudioVersion = 17.10.35027.167
MinimumVisualStudioVersion = 10.0.40219.1
Project("{8BC9CEB8-8B4A-11D0-8D11-00A0C91BC942}") = "EjL_NecronomiconInformatica", "EjL_NecronomiconInformatica\EjL_NecronomiconInformatica.vcxproj", "{EDA51095-EE10-46C0-9996-7653A94EA32C}"
EndProject
Global
	GlobalSection(SolutionConfigurationPlatforms) = preSolution
		Debug|x64 = Debug|x64
		Debug|x86 = Debug|x86
		Release|x64 = Release|x64
		Release|x86 = Release|x86
	EndGlobalSection
	GlobalSection(ProjectConfigurationPlatforms) = postSolution
		{EDA51095-EE10-46C0-9996-7653A94EA32C}.Debug|x64.ActiveCfg = Debug|x64
		{EDA51095-EE10-46C0-9996-7653A94EA32C}.Debug|x64.Build.0 = Debug|x64
		{EDA51095-EE10-46C0-9996-7653A94EA32C}.Debug|x86.ActiveCfg = Debug|Win32
		{EDA51095-EE10-46C0-9996-7653A94EA32C}.Debug|x86.Build.0 = Debug|Win32
		{EDA51095-EE10-46C0-9996-7653A94EA32C}.Release|x64.ActiveCfg = Release|x64
		{EDA51095-EE10-46C0-9996-7653A94EA32C}.Release|x64.Build.0 = Release|x64
		{EDA51095-EE10-46C0-9996-7653A94EA32C}.Release|x86.ActiveCfg = Release|Win32
		{EDA51095-EE10-46C0-9996-7653A94EA32C}.Release|x86.Build.0 = Release|Win32
	EndGlobalSection
	GlobalSection(SolutionProperties) = preSolution
		HideSolutionNode = FALSE
	EndGlobalSection
	GlobalSection(ExtensibilityGlobals) = postSolution
		SolutionGuid = {1CA9D2F5-EB69-432B-A8B0-0D57F3708CAD}
	EndGlobalSection
EndGlobal
