
Microsoft Visual Studio Solution File, Format Version 12.00
# Visual Studio Version 17
VisualStudioVersion = 17.10.35027.167
MinimumVisualStudioVersion = 10.0.40219.1
Project("{8BC9CEB8-8B4A-11D0-8D11-00A0C91BC942}") = "Ej1_AgujerosEnLaManguera", "Ej1_AgujerosEnLaManguera\Ej1_AgujerosEnLaManguera.vcxproj", "{62DE80E2-1541-435C-A18D-33A932A28828}"
EndProject
Global
	GlobalSection(SolutionConfigurationPlatforms) = preSolution
		Debug|x64 = Debug|x64
		Debug|x86 = Debug|x86
		Release|x64 = Release|x64
		Release|x86 = Release|x86
	EndGlobalSection
	GlobalSection(ProjectConfigurationPlatforms) = postSolution
		{62DE80E2-1541-435C-A18D-33A932A28828}.Debug|x64.ActiveCfg = Debug|x64
		{62DE80E2-1541-435C-A18D-33A932A28828}.Debug|x64.Build.0 = Debug|x64
		{62DE80E2-1541-435C-A18D-33A932A28828}.Debug|x86.ActiveCfg = Debug|Win32
		{62DE80E2-1541-435C-A18D-33A932A28828}.Debug|x86.Build.0 = Debug|Win32
		{62DE80E2-1541-435C-A18D-33A932A28828}.Release|x64.ActiveCfg = Release|x64
		{62DE80E2-1541-435C-A18D-33A932A28828}.Release|x64.Build.0 = Release|x64
		{62DE80E2-1541-435C-A18D-33A932A28828}.Release|x86.ActiveCfg = Release|Win32
		{62DE80E2-1541-435C-A18D-33A932A28828}.Release|x86.Build.0 = Release|Win32
	EndGlobalSection
	GlobalSection(SolutionProperties) = preSolution
		HideSolutionNode = FALSE
	EndGlobalSection
	GlobalSection(ExtensibilityGlobals) = postSolution
		SolutionGuid = {89DDFCB7-F4F4-4E23-A2CD-CC6934611E59}
	EndGlobalSection
EndGlobal
